
Microsoft Visual Studio Solution File, Format Version 12.00
# Visual Studio 14
VisualStudioVersion = 14.0.25420.1
MinimumVisualStudioVersion = 10.0.40219.1
Project("{888888A0-9F3D-457C-B088-3A5042F75D52}") = "IoTEventGenerator", "IoTEventGenerator\IoTEventGenerator.pyproj", "{5AA21EE5-6E6A-4CF0-A28F-017697F2848F}"
EndProject
Project("{182E2583-ECAD-465B-BB50-91101D7C24CE}") = "BatchProcessing", "BatchProcessing\BatchProcessing.usqlproj", "{EAFBB78F-E1EB-4C9C-96A3-24710A55852D}"
EndProject
Project("{F5034706-568F-408A-B7B3-4D38C6DB8A32}") = "AzureServicesPowerShell", "AzureServicesPowerShell\AzureServicesPowerShell.pssproj", "{6CAFC0C6-A428-4D30-A9F9-700E829FEA51}"
EndProject
Project("{E6C563F2-BDC2-4A24-ACBF-01715157DCBB}") = "RealTimeProcessing", "RealTimeProcessing\RealTimeProcessing.asaproj", "{81BD0A57-742A-4D6D-B561-C61E5ECC9B1B}"
EndProject
Project("{9A19103F-16F7-4668-BE54-9A1E7A4F7556}") = "waterdemo", "EventProcessing\waterdemo.csproj", "{EFE1F09E-A072-422D-B6EB-B4B3A2ED24A6}"
EndProject
Project("{2150E333-8FDC-42A3-9474-1A3956D46DE8}") = "Alerts", "Alerts", "{3D492C18-E4FF-42F6-8A4B-778DC07617B6}"
EndProject
Project("{2150E333-8FDC-42A3-9474-1A3956D46DE8}") = "ColdPath", "ColdPath", "{A74AA4FD-EB1F-4C80-BCB1-78BC159CF091}"
EndProject
Project("{2150E333-8FDC-42A3-9474-1A3956D46DE8}") = "HotPath", "HotPath", "{12447AF6-2E24-4279-A0FD-1AA0528BD918}"
EndProject
Project("{2150E333-8FDC-42A3-9474-1A3956D46DE8}") = "HDIJupyterScripts", "HDIJupyterScripts", "{B1BC7D55-6548-4778-8603-B5E67226F4FB}"
	ProjectSection(SolutionItems) = preProject
		Scripts\ADLA-EDC-Avro.ipynb = Scripts\ADLA-EDC-Avro.ipynb
	EndProjectSection
EndProject
Project("{00D1A9C2-B5F0-4AF3-8072-F6C62B433612}") = "WaterDb", "WaterDb\WaterDb.sqlproj", "{3A6FFAA2-5656-4A3A-B63B-D4ACDEA23740}"
EndProject
Project("{3466B219-07DB-46AE-8697-CFD2A1650EC8}") = "dfdemos", "dfdemos1\dfdemos.dfproj", "{F842CD58-6D79-4E5D-9062-73DCAE7CD521}"
EndProject
Global
	GlobalSection(SolutionConfigurationPlatforms) = preSolution
		Debug|Any CPU = Debug|Any CPU
		Debug|x64 = Debug|x64
		Debug|x86 = Debug|x86
		Release|Any CPU = Release|Any CPU
		Release|x64 = Release|x64
		Release|x86 = Release|x86
	EndGlobalSection
	GlobalSection(ProjectConfigurationPlatforms) = postSolution
		{5AA21EE5-6E6A-4CF0-A28F-017697F2848F}.Debug|Any CPU.ActiveCfg = Debug|Any CPU
		{5AA21EE5-6E6A-4CF0-A28F-017697F2848F}.Debug|x64.ActiveCfg = Debug|Any CPU
		{5AA21EE5-6E6A-4CF0-A28F-017697F2848F}.Debug|x86.ActiveCfg = Debug|Any CPU
		{5AA21EE5-6E6A-4CF0-A28F-017697F2848F}.Release|Any CPU.ActiveCfg = Release|Any CPU
		{5AA21EE5-6E6A-4CF0-A28F-017697F2848F}.Release|x64.ActiveCfg = Release|Any CPU
		{5AA21EE5-6E6A-4CF0-A28F-017697F2848F}.Release|x86.ActiveCfg = Release|Any CPU
		{EAFBB78F-E1EB-4C9C-96A3-24710A55852D}.Debug|Any CPU.ActiveCfg = Debug|Any CPU
		{EAFBB78F-E1EB-4C9C-96A3-24710A55852D}.Debug|Any CPU.Build.0 = Debug|Any CPU
		{EAFBB78F-E1EB-4C9C-96A3-24710A55852D}.Debug|x64.ActiveCfg = Debug|x64
		{EAFBB78F-E1EB-4C9C-96A3-24710A55852D}.Debug|x64.Build.0 = Debug|x64
		{EAFBB78F-E1EB-4C9C-96A3-24710A55852D}.Debug|x86.ActiveCfg = Debug|x86
		{EAFBB78F-E1EB-4C9C-96A3-24710A55852D}.Debug|x86.Build.0 = Debug|x86
		{EAFBB78F-E1EB-4C9C-96A3-24710A55852D}.Release|Any CPU.ActiveCfg = Release|Any CPU
		{EAFBB78F-E1EB-4C9C-96A3-24710A55852D}.Release|Any CPU.Build.0 = Release|Any CPU
		{EAFBB78F-E1EB-4C9C-96A3-24710A55852D}.Release|x64.ActiveCfg = Release|x64
		{EAFBB78F-E1EB-4C9C-96A3-24710A55852D}.Release|x64.Build.0 = Release|x64
		{EAFBB78F-E1EB-4C9C-96A3-24710A55852D}.Release|x86.ActiveCfg = Release|x86
		{EAFBB78F-E1EB-4C9C-96A3-24710A55852D}.Release|x86.Build.0 = Release|x86
		{6CAFC0C6-A428-4D30-A9F9-700E829FEA51}.Debug|Any CPU.ActiveCfg = Debug|Any CPU
		{6CAFC0C6-A428-4D30-A9F9-700E829FEA51}.Debug|Any CPU.Build.0 = Debug|Any CPU
		{6CAFC0C6-A428-4D30-A9F9-700E829FEA51}.Debug|x64.ActiveCfg = Debug|Any CPU
		{6CAFC0C6-A428-4D30-A9F9-700E829FEA51}.Debug|x64.Build.0 = Debug|Any CPU
		{6CAFC0C6-A428-4D30-A9F9-700E829FEA51}.Debug|x86.ActiveCfg = Debug|Any CPU
		{6CAFC0C6-A428-4D30-A9F9-700E829FEA51}.Debug|x86.Build.0 = Debug|Any CPU
		{6CAFC0C6-A428-4D30-A9F9-700E829FEA51}.Release|Any CPU.ActiveCfg = Release|Any CPU
		{6CAFC0C6-A428-4D30-A9F9-700E829FEA51}.Release|Any CPU.Build.0 = Release|Any CPU
		{6CAFC0C6-A428-4D30-A9F9-700E829FEA51}.Release|x64.ActiveCfg = Release|Any CPU
		{6CAFC0C6-A428-4D30-A9F9-700E829FEA51}.Release|x64.Build.0 = Release|Any CPU
		{6CAFC0C6-A428-4D30-A9F9-700E829FEA51}.Release|x86.ActiveCfg = Release|Any CPU
		{6CAFC0C6-A428-4D30-A9F9-700E829FEA51}.Release|x86.Build.0 = Release|Any CPU
		{81BD0A57-742A-4D6D-B561-C61E5ECC9B1B}.Debug|Any CPU.ActiveCfg = Debug|Any CPU
		{81BD0A57-742A-4D6D-B561-C61E5ECC9B1B}.Debug|Any CPU.Build.0 = Debug|Any CPU
		{81BD0A57-742A-4D6D-B561-C61E5ECC9B1B}.Debug|x64.ActiveCfg = Debug|Any CPU
		{81BD0A57-742A-4D6D-B561-C61E5ECC9B1B}.Debug|x64.Build.0 = Debug|Any CPU
		{81BD0A57-742A-4D6D-B561-C61E5ECC9B1B}.Debug|x86.ActiveCfg = Debug|Any CPU
		{81BD0A57-742A-4D6D-B561-C61E5ECC9B1B}.Debug|x86.Build.0 = Debug|Any CPU
		{81BD0A57-742A-4D6D-B561-C61E5ECC9B1B}.Release|Any CPU.ActiveCfg = Release|Any CPU
		{81BD0A57-742A-4D6D-B561-C61E5ECC9B1B}.Release|Any CPU.Build.0 = Release|Any CPU
		{81BD0A57-742A-4D6D-B561-C61E5ECC9B1B}.Release|x64.ActiveCfg = Release|Any CPU
		{81BD0A57-742A-4D6D-B561-C61E5ECC9B1B}.Release|x64.Build.0 = Release|Any CPU
		{81BD0A57-742A-4D6D-B561-C61E5ECC9B1B}.Release|x86.ActiveCfg = Release|Any CPU
		{81BD0A57-742A-4D6D-B561-C61E5ECC9B1B}.Release|x86.Build.0 = Release|Any CPU
		{EFE1F09E-A072-422D-B6EB-B4B3A2ED24A6}.Debug|Any CPU.ActiveCfg = Debug|Any CPU
		{EFE1F09E-A072-422D-B6EB-B4B3A2ED24A6}.Debug|Any CPU.Build.0 = Debug|Any CPU
		{EFE1F09E-A072-422D-B6EB-B4B3A2ED24A6}.Debug|x64.ActiveCfg = Debug|Any CPU
		{EFE1F09E-A072-422D-B6EB-B4B3A2ED24A6}.Debug|x64.Build.0 = Debug|Any CPU
		{EFE1F09E-A072-422D-B6EB-B4B3A2ED24A6}.Debug|x86.ActiveCfg = Debug|Any CPU
		{EFE1F09E-A072-422D-B6EB-B4B3A2ED24A6}.Debug|x86.Build.0 = Debug|Any CPU
		{EFE1F09E-A072-422D-B6EB-B4B3A2ED24A6}.Release|Any CPU.ActiveCfg = Release|Any CPU
		{EFE1F09E-A072-422D-B6EB-B4B3A2ED24A6}.Release|Any CPU.Build.0 = Release|Any CPU
		{EFE1F09E-A072-422D-B6EB-B4B3A2ED24A6}.Release|x64.ActiveCfg = Release|Any CPU
		{EFE1F09E-A072-422D-B6EB-B4B3A2ED24A6}.Release|x64.Build.0 = Release|Any CPU
		{EFE1F09E-A072-422D-B6EB-B4B3A2ED24A6}.Release|x86.ActiveCfg = Release|Any CPU
		{EFE1F09E-A072-422D-B6EB-B4B3A2ED24A6}.Release|x86.Build.0 = Release|Any CPU
		{3A6FFAA2-5656-4A3A-B63B-D4ACDEA23740}.Debug|Any CPU.ActiveCfg = Debug|Any CPU
		{3A6FFAA2-5656-4A3A-B63B-D4ACDEA23740}.Debug|Any CPU.Build.0 = Debug|Any CPU
		{3A6FFAA2-5656-4A3A-B63B-D4ACDEA23740}.Debug|Any CPU.Deploy.0 = Debug|Any CPU
		{3A6FFAA2-5656-4A3A-B63B-D4ACDEA23740}.Debug|x64.ActiveCfg = Debug|Any CPU
		{3A6FFAA2-5656-4A3A-B63B-D4ACDEA23740}.Debug|x64.Build.0 = Debug|Any CPU
		{3A6FFAA2-5656-4A3A-B63B-D4ACDEA23740}.Debug|x64.Deploy.0 = Debug|Any CPU
		{3A6FFAA2-5656-4A3A-B63B-D4ACDEA23740}.Debug|x86.ActiveCfg = Debug|Any CPU
		{3A6FFAA2-5656-4A3A-B63B-D4ACDEA23740}.Debug|x86.Build.0 = Debug|Any CPU
		{3A6FFAA2-5656-4A3A-B63B-D4ACDEA23740}.Debug|x86.Deploy.0 = Debug|Any CPU
		{3A6FFAA2-5656-4A3A-B63B-D4ACDEA23740}.Release|Any CPU.ActiveCfg = Release|Any CPU
		{3A6FFAA2-5656-4A3A-B63B-D4ACDEA23740}.Release|Any CPU.Build.0 = Release|Any CPU
		{3A6FFAA2-5656-4A3A-B63B-D4ACDEA23740}.Release|Any CPU.Deploy.0 = Release|Any CPU
		{3A6FFAA2-5656-4A3A-B63B-D4ACDEA23740}.Release|x64.ActiveCfg = Release|Any CPU
		{3A6FFAA2-5656-4A3A-B63B-D4ACDEA23740}.Release|x64.Build.0 = Release|Any CPU
		{3A6FFAA2-5656-4A3A-B63B-D4ACDEA23740}.Release|x64.Deploy.0 = Release|Any CPU
		{3A6FFAA2-5656-4A3A-B63B-D4ACDEA23740}.Release|x86.ActiveCfg = Release|Any CPU
		{3A6FFAA2-5656-4A3A-B63B-D4ACDEA23740}.Release|x86.Build.0 = Release|Any CPU
		{3A6FFAA2-5656-4A3A-B63B-D4ACDEA23740}.Release|x86.Deploy.0 = Release|Any CPU
		{F842CD58-6D79-4E5D-9062-73DCAE7CD521}.Debug|Any CPU.ActiveCfg = Debug|x86
		{F842CD58-6D79-4E5D-9062-73DCAE7CD521}.Debug|x64.ActiveCfg = Debug|x86
		{F842CD58-6D79-4E5D-9062-73DCAE7CD521}.Debug|x86.ActiveCfg = Debug|x86
		{F842CD58-6D79-4E5D-9062-73DCAE7CD521}.Debug|x86.Build.0 = Debug|x86
		{F842CD58-6D79-4E5D-9062-73DCAE7CD521}.Release|Any CPU.ActiveCfg = Release|x86
		{F842CD58-6D79-4E5D-9062-73DCAE7CD521}.Release|x64.ActiveCfg = Release|x86
		{F842CD58-6D79-4E5D-9062-73DCAE7CD521}.Release|x86.ActiveCfg = Release|x86
		{F842CD58-6D79-4E5D-9062-73DCAE7CD521}.Release|x86.Build.0 = Release|x86
	EndGlobalSection
	GlobalSection(SolutionProperties) = preSolution
		HideSolutionNode = FALSE
	EndGlobalSection
	GlobalSection(NestedProjects) = preSolution
		{5AA21EE5-6E6A-4CF0-A28F-017697F2848F} = {12447AF6-2E24-4279-A0FD-1AA0528BD918}
		{EAFBB78F-E1EB-4C9C-96A3-24710A55852D} = {A74AA4FD-EB1F-4C80-BCB1-78BC159CF091}
		{81BD0A57-742A-4D6D-B561-C61E5ECC9B1B} = {12447AF6-2E24-4279-A0FD-1AA0528BD918}
		{EFE1F09E-A072-422D-B6EB-B4B3A2ED24A6} = {3D492C18-E4FF-42F6-8A4B-778DC07617B6}
		{B1BC7D55-6548-4778-8603-B5E67226F4FB} = {A74AA4FD-EB1F-4C80-BCB1-78BC159CF091}
		{F842CD58-6D79-4E5D-9062-73DCAE7CD521} = {A74AA4FD-EB1F-4C80-BCB1-78BC159CF091}
	EndGlobalSection
	GlobalSection(ExtensibilityGlobals) = postSolution
		SolutionGuid = {D1319788-A2AC-47FC-8654-AF13CADCF8D2}
	EndGlobalSection
EndGlobal
