
Microsoft Visual Studio Solution File, Format Version 12.00
# Visual Studio 15
VisualStudioVersion = 15.0.27512.0
MinimumVisualStudioVersion = 10.0.40219.1
Project("{81BE5007-4CAB-4670-AEEB-3DA6572B9D12}") = "DCHiveLLAP", "DCHiveLLAP\DCHiveLLAP.hiveproj", "{4ED0043F-CD42-40A1-8FBA-2C15C7330DCE}"
EndProject
Global
	GlobalSection(SolutionConfigurationPlatforms) = preSolution
		Debug|Any CPU = Debug|Any CPU
		Release|Any CPU = Release|Any CPU
	EndGlobalSection
	GlobalSection(ProjectConfigurationPlatforms) = postSolution
		{4ED0043F-CD42-40A1-8FBA-2C15C7330DCE}.Debug|Any CPU.ActiveCfg = Debug|Any CPU
		{4ED0043F-CD42-40A1-8FBA-2C15C7330DCE}.Debug|Any CPU.Build.0 = Debug|Any CPU
		{4ED0043F-CD42-40A1-8FBA-2C15C7330DCE}.Release|Any CPU.ActiveCfg = Release|Any CPU
		{4ED0043F-CD42-40A1-8FBA-2C15C7330DCE}.Release|Any CPU.Build.0 = Release|Any CPU
	EndGlobalSection
	GlobalSection(SolutionProperties) = preSolution
		HideSolutionNode = FALSE
	EndGlobalSection
	GlobalSection(ExtensibilityGlobals) = postSolution
		SolutionGuid = {C6C458CA-1E89-4EED-AAD5-128DA324CBE2}
	EndGlobalSection
EndGlobal
