
Microsoft Visual Studio Solution File, Format Version 12.00
# Visual Studio Version 16
VisualStudioVersion = 16.0.30804.86
MinimumVisualStudioVersion = 10.0.40219.1
Project("{00D1A9C2-B5F0-4AF3-8072-F6C62B433612}") = "ProcFramework", "ProcFramework\ProcFramework.sqlproj", "{9842424D-DCAF-4F0C-9A75-4EE70CF905B5}"
EndProject
Global
	GlobalSection(SolutionConfigurationPlatforms) = preSolution
		Debug|Any CPU = Debug|Any CPU
		Release|Any CPU = Release|Any CPU
	EndGlobalSection
	GlobalSection(ProjectConfigurationPlatforms) = postSolution
		{9842424D-DCAF-4F0C-9A75-4EE70CF905B5}.Debug|Any CPU.ActiveCfg = Debug|Any CPU
		{9842424D-DCAF-4F0C-9A75-4EE70CF905B5}.Debug|Any CPU.Build.0 = Debug|Any CPU
		{9842424D-DCAF-4F0C-9A75-4EE70CF905B5}.Debug|Any CPU.Deploy.0 = Debug|Any CPU
		{9842424D-DCAF-4F0C-9A75-4EE70CF905B5}.Release|Any CPU.ActiveCfg = Release|Any CPU
		{9842424D-DCAF-4F0C-9A75-4EE70CF905B5}.Release|Any CPU.Build.0 = Release|Any CPU
		{9842424D-DCAF-4F0C-9A75-4EE70CF905B5}.Release|Any CPU.Deploy.0 = Release|Any CPU
	EndGlobalSection
	GlobalSection(SolutionProperties) = preSolution
		HideSolutionNode = FALSE
	EndGlobalSection
	GlobalSection(ExtensibilityGlobals) = postSolution
		SolutionGuid = {4BA7DB64-7651-48AD-8857-0BDA8BD2A73D}
	EndGlobalSection
EndGlobal
