
Microsoft Visual Studio Solution File, Format Version 12.00
# Visual Studio Version 16
VisualStudioVersion = 16.0.29411.138
MinimumVisualStudioVersion = 10.0.40219.1
Project("{FAE04EC0-301F-11D3-BF4B-00C04F79EFBC}") = "SnowflakeNet", "SnowflakeNet\SnowflakeNet.csproj", "{95B3E3A3-20B4-4975-9E70-448AD3A602F2}"
EndProject
Global
	GlobalSection(SolutionConfigurationPlatforms) = preSolution
		Debug|Any CPU = Debug|Any CPU
		Release|Any CPU = Release|Any CPU
	EndGlobalSection
	GlobalSection(ProjectConfigurationPlatforms) = postSolution
		{95B3E3A3-20B4-4975-9E70-448AD3A602F2}.Debug|Any CPU.ActiveCfg = Debug|Any CPU
		{95B3E3A3-20B4-4975-9E70-448AD3A602F2}.Debug|Any CPU.Build.0 = Debug|Any CPU
		{95B3E3A3-20B4-4975-9E70-448AD3A602F2}.Release|Any CPU.ActiveCfg = Release|Any CPU
		{95B3E3A3-20B4-4975-9E70-448AD3A602F2}.Release|Any CPU.Build.0 = Release|Any CPU
	EndGlobalSection
	GlobalSection(SolutionProperties) = preSolution
		HideSolutionNode = FALSE
	EndGlobalSection
	GlobalSection(ExtensibilityGlobals) = postSolution
		SolutionGuid = {E6CC5008-11BE-4BF8-91FF-FFFECEA83FC7}
	EndGlobalSection
EndGlobal
