
Microsoft Visual Studio Solution File, Format Version 12.00
# Visual Studio 15
VisualStudioVersion = 15.0.27512.0
MinimumVisualStudioVersion = 10.0.40219.1
Project("{00D1A9C2-B5F0-4AF3-8072-F6C62B433612}") = "RevoScaleDb", "RevoScaleDb\RevoScaleDb.sqlproj", "{0B82AD89-E410-41FD-A650-D203D6AA789C}"
EndProject
Project("{DA7A21FA-8162-4350-AD77-A8D1B671F3ED}") = "RevoscaleR", "RevoscaleR\RevoscaleR.rxproj", "{A086E62A-8ABE-45D6-BF8F-5845DF4CABED}"
EndProject
Global
	GlobalSection(SolutionConfigurationPlatforms) = preSolution
		Debug|Any CPU = Debug|Any CPU
		Release|Any CPU = Release|Any CPU
	EndGlobalSection
	GlobalSection(ProjectConfigurationPlatforms) = postSolution
		{0B82AD89-E410-41FD-A650-D203D6AA789C}.Debug|Any CPU.ActiveCfg = Debug|Any CPU
		{0B82AD89-E410-41FD-A650-D203D6AA789C}.Debug|Any CPU.Build.0 = Debug|Any CPU
		{0B82AD89-E410-41FD-A650-D203D6AA789C}.Debug|Any CPU.Deploy.0 = Debug|Any CPU
		{0B82AD89-E410-41FD-A650-D203D6AA789C}.Release|Any CPU.ActiveCfg = Release|Any CPU
		{0B82AD89-E410-41FD-A650-D203D6AA789C}.Release|Any CPU.Build.0 = Release|Any CPU
		{0B82AD89-E410-41FD-A650-D203D6AA789C}.Release|Any CPU.Deploy.0 = Release|Any CPU
		{A086E62A-8ABE-45D6-BF8F-5845DF4CABED}.Debug|Any CPU.ActiveCfg = Debug|Any CPU
		{A086E62A-8ABE-45D6-BF8F-5845DF4CABED}.Debug|Any CPU.Build.0 = Debug|Any CPU
		{A086E62A-8ABE-45D6-BF8F-5845DF4CABED}.Release|Any CPU.ActiveCfg = Release|Any CPU
		{A086E62A-8ABE-45D6-BF8F-5845DF4CABED}.Release|Any CPU.Build.0 = Release|Any CPU
	EndGlobalSection
	GlobalSection(SolutionProperties) = preSolution
		HideSolutionNode = FALSE
	EndGlobalSection
	GlobalSection(ExtensibilityGlobals) = postSolution
		SolutionGuid = {6671C32C-EE43-4F3D-82B9-23C4B5B52B18}
	EndGlobalSection
EndGlobal
